// !$*UTF8*$!
{
	archiveVersion = 1;
	classes = {
	};
	objectVersion = 56;
	objects = {

/* Begin PBXBuildFile section */
		04D226DB2C33E73D0055291B /* Onboarding_ViewApp.swift in Sources */ = {isa = PBXBuildFile; fileRef = 04D226DA2C33E73D0055291B /* Onboarding_ViewApp.swift */; };
		04D226DD2C33E73D0055291B /* ContentView.swift in Sources */ = {isa = PBXBuildFile; fileRef = 04D226DC2C33E73D0055291B /* ContentView.swift */; };
		04D226DF2C33E73E0055291B /* Assets.xcassets in Resources */ = {isa = PBXBuildFile; fileRef = 04D226DE2C33E73E0055291B /* Assets.xcassets */; };
		04D226E22C33E73E0055291B /* Preview Assets.xcassets in Resources */ = {isa = PBXBuildFile; fileRef = 04D226E12C33E73E0055291B /* Preview Assets.xcassets */; };
		04D226EC2C33E73F0055291B /* Onboarding_ViewTests.swift in Sources */ = {isa = PBXBuildFile; fileRef = 04D226EB2C33E73F0055291B /* Onboarding_ViewTests.swift */; };
		04D226F62C33E73F0055291B /* Onboarding_ViewUITests.swift in Sources */ = {isa = PBXBuildFile; fileRef = 04D226F52C33E73F0055291B /* Onboarding_ViewUITests.swift */; };
		04D226F82C33E73F0055291B /* Onboarding_ViewUITestsLaunchTests.swift in Sources */ = {isa = PBXBuildFile; fileRef = 04D226F72C33E73F0055291B /* Onboarding_ViewUITestsLaunchTests.swift */; };
/* End PBXBuildFile section */

/* Begin PBXContainerItemProxy section */
		04D226E82C33E73F0055291B /* PBXContainerItemProxy */ = {
			isa = PBXContainerItemProxy;
			containerPortal = 04D226CF2C33E73C0055291B /* Project object */;
			proxyType = 1;
			remoteGlobalIDString = 04D226D62C33E73C0055291B;
			remoteInfo = "Onboarding View";
		};
		04D226F22C33E73F0055291B /* PBXContainerItemProxy */ = {
			isa = PBXContainerItemProxy;
			containerPortal = 04D226CF2C33E73C0055291B /* Project object */;
			proxyType = 1;
			remoteGlobalIDString = 04D226D62C33E73C0055291B;
			remoteInfo = "Onboarding View";
		};
/* End PBXContainerItemProxy section */

/* Begin PBXFileReference section */
		04D226D72C33E73D0055291B /* Onboarding View.app */ = {isa = PBXFileReference; explicitFileType = wrapper.application; includeInIndex = 0; path = "Onboarding View.app"; sourceTree = BUILT_PRODUCTS_DIR; };
		04D226DA2C33E73D0055291B /* Onboarding_ViewApp.swift */ = {isa = PBXFileReference; lastKnownFileType = sourcecode.swift; path = Onboarding_ViewApp.swift; sourceTree = "<group>"; };
		04D226DC2C33E73D0055291B /* ContentView.swift */ = {isa = PBXFileReference; lastKnownFileType = sourcecode.swift; path = ContentView.swift; sourceTree = "<group>"; };
		04D226DE2C33E73E0055291B /* Assets.xcassets */ = {isa = PBXFileReference; lastKnownFileType = folder.assetcatalog; path = Assets.xcassets; sourceTree = "<group>"; };
		04D226E12C33E73E0055291B /* Preview Assets.xcassets */ = {isa = PBXFileReference; lastKnownFileType = folder.assetcatalog; path = "Preview Assets.xcassets"; sourceTree = "<group>"; };
		04D226E72C33E73F0055291B /* Onboarding ViewTests.xctest */ = {isa = PBXFileReference; explicitFileType = wrapper.cfbundle; includeInIndex = 0; path = "Onboarding ViewTests.xctest"; sourceTree = BUILT_PRODUCTS_DIR; };
		04D226EB2C33E73F0055291B /* Onboarding_ViewTests.swift */ = {isa = PBXFileReference; lastKnownFileType = sourcecode.swift; path = Onboarding_ViewTests.swift; sourceTree = "<group>"; };
		04D226F12C33E73F0055291B /* Onboarding ViewUITests.xctest */ = {isa = PBXFileReference; explicitFileType = wrapper.cfbundle; includeInIndex = 0; path = "Onboarding ViewUITests.xctest"; sourceTree = BUILT_PRODUCTS_DIR; };
		04D226F52C33E73F0055291B /* Onboarding_ViewUITests.swift */ = {isa = PBXFileReference; lastKnownFileType = sourcecode.swift; path = Onboarding_ViewUITests.swift; sourceTree = "<group>"; };
		04D226F72C33E73F0055291B /* Onboarding_ViewUITestsLaunchTests.swift */ = {isa = PBXFileReference; lastKnownFileType = sourcecode.swift; path = Onboarding_ViewUITestsLaunchTests.swift; sourceTree = "<group>"; };
/* End PBXFileReference section */

/* Begin PBXFrameworksBuildPhase section */
		04D226D42C33E73C0055291B /* Frameworks */ = {
			isa = PBXFrameworksBuildPhase;
			buildActionMask = 2147483647;
			files = (
			);
			runOnlyForDeploymentPostprocessing = 0;
		};
		04D226E42C33E73F0055291B /* Frameworks */ = {
			isa = PBXFrameworksBuildPhase;
			buildActionMask = 2147483647;
			files = (
			);
			runOnlyForDeploymentPostprocessing = 0;
		};
		04D226EE2C33E73F0055291B /* Frameworks */ = {
			isa = PBXFrameworksBuildPhase;
			buildActionMask = 2147483647;
			files = (
			);
			runOnlyForDeploymentPostprocessing = 0;
		};
/* End PBXFrameworksBuildPhase section */

/* Begin PBXGroup section */
		04D226CE2C33E73C0055291B = {
			isa = PBXGroup;
			children = (
				04D226D92C33E73D0055291B /* Onboarding View */,
				04D226EA2C33E73F0055291B /* Onboarding ViewTests */,
				04D226F42C33E73F0055291B /* Onboarding ViewUITests */,
				04D226D82C33E73D0055291B /* Products */,
			);
			sourceTree = "<group>";
		};
		04D226D82C33E73D0055291B /* Products */ = {
			isa = PBXGroup;
			children = (
				04D226D72C33E73D0055291B /* Onboarding View.app */,
				04D226E72C33E73F0055291B /* Onboarding ViewTests.xctest */,
				04D226F12C33E73F0055291B /* Onboarding ViewUITests.xctest */,
			);
			name = Products;
			sourceTree = "<group>";
		};
		04D226D92C33E73D0055291B /* Onboarding View */ = {
			isa = PBXGroup;
			children = (
				04D226DA2C33E73D0055291B /* Onboarding_ViewApp.swift */,
				04D226DC2C33E73D0055291B /* ContentView.swift */,
				04D226DE2C33E73E0055291B /* Assets.xcassets */,
				04D226E02C33E73E0055291B /* Preview Content */,
			);
			path = "Onboarding View";
			sourceTree = "<group>";
		};
		04D226E02C33E73E0055291B /* Preview Content */ = {
			isa = PBXGroup;
			children = (
				04D226E12C33E73E0055291B /* Preview Assets.xcassets */,
			);
			path = "Preview Content";
			sourceTree = "<group>";
		};
		04D226EA2C33E73F0055291B /* Onboarding ViewTests */ = {
			isa = PBXGroup;
			children = (
				04D226EB2C33E73F0055291B /* Onboarding_ViewTests.swift */,
			);
			path = "Onboarding ViewTests";
			sourceTree = "<group>";
		};
		04D226F42C33E73F0055291B /* Onboarding ViewUITests */ = {
			isa = PBXGroup;
			children = (
				04D226F52C33E73F0055291B /* Onboarding_ViewUITests.swift */,
				04D226F72C33E73F0055291B /* Onboarding_ViewUITestsLaunchTests.swift */,
			);
			path = "Onboarding ViewUITests";
			sourceTree = "<group>";
		};
/* End PBXGroup section */

/* Begin PBXNativeTarget section */
		04D226D62C33E73C0055291B /* Onboarding View */ = {
			isa = PBXNativeTarget;
			buildConfigurationList = 04D226FB2C33E73F0055291B /* Build configuration list for PBXNativeTarget "Onboarding View" */;
			buildPhases = (
				04D226D32C33E73C0055291B /* Sources */,
				04D226D42C33E73C0055291B /* Frameworks */,
				04D226D52C33E73C0055291B /* Resources */,
			);
			buildRules = (
			);
			dependencies = (
			);
			name = "Onboarding View";
			productName = "Onboarding View";
			productReference = 04D226D72C33E73D0055291B /* Onboarding View.app */;
			productType = "com.apple.product-type.application";
		};
		04D226E62C33E73F0055291B /* Onboarding ViewTests */ = {
			isa = PBXNativeTarget;
			buildConfigurationList = 04D226FE2C33E73F0055291B /* Build configuration list for PBXNativeTarget "Onboarding ViewTests" */;
			buildPhases = (
				04D226E32C33E73F0055291B /* Sources */,
				04D226E42C33E73F0055291B /* Frameworks */,
				04D226E52C33E73F0055291B /* Resources */,
			);
			buildRules = (
			);
			dependencies = (
				04D226E92C33E73F0055291B /* PBXTargetDependency */,
			);
			name = "Onboarding ViewTests";
			productName = "Onboarding ViewTests";
			productReference = 04D226E72C33E73F0055291B /* Onboarding ViewTests.xctest */;
			productType = "com.apple.product-type.bundle.unit-test";
		};
		04D226F02C33E73F0055291B /* Onboarding ViewUITests */ = {
			isa = PBXNativeTarget;
			buildConfigurationList = 04D227012C33E73F0055291B /* Build configuration list for PBXNativeTarget "Onboarding ViewUITests" */;
			buildPhases = (
				04D226ED2C33E73F0055291B /* Sources */,
				04D226EE2C33E73F0055291B /* Frameworks */,
				04D226EF2C33E73F0055291B /* Resources */,
			);
			buildRules = (
			);
			dependencies = (
				04D226F32C33E73F0055291B /* PBXTargetDependency */,
			);
			name = "Onboarding ViewUITests";
			productName = "Onboarding ViewUITests";
			productReference = 04D226F12C33E73F0055291B /* Onboarding ViewUITests.xctest */;
			productType = "com.apple.product-type.bundle.ui-testing";
		};
/* End PBXNativeTarget section */

/* Begin PBXProject section */
		04D226CF2C33E73C0055291B /* Project object */ = {
			isa = PBXProject;
			attributes = {
				BuildIndependentTargetsInParallel = 1;
				LastSwiftUpdateCheck = 1530;
				LastUpgradeCheck = 1530;
				TargetAttributes = {
					04D226D62C33E73C0055291B = {
						CreatedOnToolsVersion = 15.3;
					};
					04D226E62C33E73F0055291B = {
						CreatedOnToolsVersion = 15.3;
						TestTargetID = 04D226D62C33E73C0055291B;
					};
					04D226F02C33E73F0055291B = {
						CreatedOnToolsVersion = 15.3;
						TestTargetID = 04D226D62C33E73C0055291B;
					};
				};
			};
			buildConfigurationList = 04D226D22C33E73C0055291B /* Build configuration list for PBXProject "Onboarding View" */;
			compatibilityVersion = "Xcode 14.0";
			developmentRegion = en;
			hasScannedForEncodings = 0;
			knownRegions = (
				en,
				Base,
			);
			mainGroup = 04D226CE2C33E73C0055291B;
			productRefGroup = 04D226D82C33E73D0055291B /* Products */;
			projectDirPath = "";
			projectRoot = "";
			targets = (
				04D226D62C33E73C0055291B /* Onboarding View */,
				04D226E62C33E73F0055291B /* Onboarding ViewTests */,
				04D226F02C33E73F0055291B /* Onboarding ViewUITests */,
			);
		};
/* End PBXProject section */

/* Begin PBXResourcesBuildPhase section */
		04D226D52C33E73C0055291B /* Resources */ = {
			isa = PBXResourcesBuildPhase;
			buildActionMask = 2147483647;
			files = (
				04D226E22C33E73E0055291B /* Preview Assets.xcassets in Resources */,
				04D226DF2C33E73E0055291B /* Assets.xcassets in Resources */,
			);
			runOnlyForDeploymentPostprocessing = 0;
		};
		04D226E52C33E73F0055291B /* Resources */ = {
			isa = PBXResourcesBuildPhase;
			buildActionMask = 2147483647;
			files = (
			);
			runOnlyForDeploymentPostprocessing = 0;
		};
		04D226EF2C33E73F0055291B /* Resources */ = {
			isa = PBXResourcesBuildPhase;
			buildActionMask = 2147483647;
			files = (
			);
			runOnlyForDeploymentPostprocessing = 0;
		};
/* End PBXResourcesBuildPhase section */

/* Begin PBXSourcesBuildPhase section */
		04D226D32C33E73C0055291B /* Sources */ = {
			isa = PBXSourcesBuildPhase;
			buildActionMask = 2147483647;
			files = (
				04D226DD2C33E73D0055291B /* ContentView.swift in Sources */,
				04D226DB2C33E73D0055291B /* Onboarding_ViewApp.swift in Sources */,
			);
			runOnlyForDeploymentPostprocessing = 0;
		};
		04D226E32C33E73F0055291B /* Sources */ = {
			isa = PBXSourcesBuildPhase;
			buildActionMask = 2147483647;
			files = (
				04D226EC2C33E73F0055291B /* Onboarding_ViewTests.swift in Sources */,
			);
			runOnlyForDeploymentPostprocessing = 0;
		};
		04D226ED2C33E73F0055291B /* Sources */ = {
			isa = PBXSourcesBuildPhase;
			buildActionMask = 2147483647;
			files = (
				04D226F82C33E73F0055291B /* Onboarding_ViewUITestsLaunchTests.swift in Sources */,
				04D226F62C33E73F0055291B /* Onboarding_ViewUITests.swift in Sources */,
			);
			runOnlyForDeploymentPostprocessing = 0;
		};
/* End PBXSourcesBuildPhase section */

/* Begin PBXTargetDependency section */
		04D226E92C33E73F0055291B /* PBXTargetDependency */ = {
			isa = PBXTargetDependency;
			target = 04D226D62C33E73C0055291B /* Onboarding View */;
			targetProxy = 04D226E82C33E73F0055291B /* PBXContainerItemProxy */;
		};
		04D226F32C33E73F0055291B /* PBXTargetDependency */ = {
			isa = PBXTargetDependency;
			target = 04D226D62C33E73C0055291B /* Onboarding View */;
			targetProxy = 04D226F22C33E73F0055291B /* PBXContainerItemProxy */;
		};
/* End PBXTargetDependency section */

/* Begin XCBuildConfiguration section */
		04D226F92C33E73F0055291B /* Debug */ = {
			isa = XCBuildConfiguration;
			buildSettings = {
				ALWAYS_SEARCH_USER_PATHS = NO;
				ASSETCATALOG_COMPILER_GENERATE_SWIFT_ASSET_SYMBOL_EXTENSIONS = YES;
				CLANG_ANALYZER_NONNULL = YES;
				CLANG_ANALYZER_NUMBER_OBJECT_CONVERSION = YES_AGGRESSIVE;
				CLANG_CXX_LANGUAGE_STANDARD = "gnu++20";
				CLANG_ENABLE_MODULES = YES;
				CLANG_ENABLE_OBJC_ARC = YES;
				CLANG_ENABLE_OBJC_WEAK = YES;
				CLANG_WARN_BLOCK_CAPTURE_AUTORELEASING = YES;
				CLANG_WARN_BOOL_CONVERSION = YES;
				CLANG_WARN_COMMA = YES;
				CLANG_WARN_CONSTANT_CONVERSION = YES;
				CLANG_WARN_DEPRECATED_OBJC_IMPLEMENTATIONS = YES;
				CLANG_WARN_DIRECT_OBJC_ISA_USAGE = YES_ERROR;
				CLANG_WARN_DOCUMENTATION_COMMENTS = YES;
				CLANG_WARN_EMPTY_BODY = YES;
				CLANG_WARN_ENUM_CONVERSION = YES;
				CLANG_WARN_INFINITE_RECURSION = YES;
				CLANG_WARN_INT_CONVERSION = YES;
				CLANG_WARN_NON_LITERAL_NULL_CONVERSION = YES;
				CLANG_WARN_OBJC_IMPLICIT_RETAIN_SELF = YES;
				CLANG_WARN_OBJC_LITERAL_CONVERSION = YES;
				CLANG_WARN_OBJC_ROOT_CLASS = YES_ERROR;
				CLANG_WARN_QUOTED_INCLUDE_IN_FRAMEWORK_HEADER = YES;
				CLANG_WARN_RANGE_LOOP_ANALYSIS = YES;
				CLANG_WARN_STRICT_PROTOTYPES = YES;
				CLANG_WARN_SUSPICIOUS_MOVE = YES;
				CLANG_WARN_UNGUARDED_AVAILABILITY = YES_AGGRESSIVE;
				CLANG_WARN_UNREACHABLE_CODE = YES;
				CLANG_WARN__DUPLICATE_METHOD_MATCH = YES;
				COPY_PHASE_STRIP = NO;
				DEBUG_INFORMATION_FORMAT = dwarf;
				ENABLE_STRICT_OBJC_MSGSEND = YES;
				ENABLE_TESTABILITY = YES;
				ENABLE_USER_SCRIPT_SANDBOXING = YES;
				GCC_C_LANGUAGE_STANDARD = gnu17;
				GCC_DYNAMIC_NO_PIC = NO;
				GCC_NO_COMMON_BLOCKS = YES;
				GCC_OPTIMIZATION_LEVEL = 0;
				GCC_PREPROCESSOR_DEFINITIONS = (
					"DEBUG=1",
					"$(inherited)",
				);
				GCC_WARN_64_TO_32_BIT_CONVERSION = YES;
				GCC_WARN_ABOUT_RETURN_TYPE = YES_ERROR;
				GCC_WARN_UNDECLARED_SELECTOR = YES;
				GCC_WARN_UNINITIALIZED_AUTOS = YES_AGGRESSIVE;
				GCC_WARN_UNUSED_FUNCTION = YES;
				GCC_WARN_UNUSED_VARIABLE = YES;
				IPHONEOS_DEPLOYMENT_TARGET = 17.4;
				LOCALIZATION_PREFERS_STRING_CATALOGS = YES;
				MTL_ENABLE_DEBUG_INFO = INCLUDE_SOURCE;
				MTL_FAST_MATH = YES;
				ONLY_ACTIVE_ARCH = YES;
				SDKROOT = iphoneos;
				SWIFT_ACTIVE_COMPILATION_CONDITIONS = "DEBUG $(inherited)";
				SWIFT_OPTIMIZATION_LEVEL = "-Onone";
			};
			name = Debug;
		};
		04D226FA2C33E73F0055291B /* Release */ = {
			isa = XCBuildConfiguration;
			buildSettings = {
				ALWAYS_SEARCH_USER_PATHS = NO;
				ASSETCATALOG_COMPILER_GENERATE_SWIFT_ASSET_SYMBOL_EXTENSIONS = YES;
				CLANG_ANALYZER_NONNULL = YES;
				CLANG_ANALYZER_NUMBER_OBJECT_CONVERSION = YES_AGGRESSIVE;
				CLANG_CXX_LANGUAGE_STANDARD = "gnu++20";
				CLANG_ENABLE_MODULES = YES;
				CLANG_ENABLE_OBJC_ARC = YES;
				CLANG_ENABLE_OBJC_WEAK = YES;
				CLANG_WARN_BLOCK_CAPTURE_AUTORELEASING = YES;
				CLANG_WARN_BOOL_CONVERSION = YES;
				CLANG_WARN_COMMA = YES;
				CLANG_WARN_CONSTANT_CONVERSION = YES;
				CLANG_WARN_DEPRECATED_OBJC_IMPLEMENTATIONS = YES;
				CLANG_WARN_DIRECT_OBJC_ISA_USAGE = YES_ERROR;
				CLANG_WARN_DOCUMENTATION_COMMENTS = YES;
				CLANG_WARN_EMPTY_BODY = YES;
				CLANG_WARN_ENUM_CONVERSION = YES;
				CLANG_WARN_INFINITE_RECURSION = YES;
				CLANG_WARN_INT_CONVERSION = YES;
				CLANG_WARN_NON_LITERAL_NULL_CONVERSION = YES;
				CLANG_WARN_OBJC_IMPLICIT_RETAIN_SELF = YES;
				CLANG_WARN_OBJC_LITERAL_CONVERSION = YES;
				CLANG_WARN_OBJC_ROOT_CLASS = YES_ERROR;
				CLANG_WARN_QUOTED_INCLUDE_IN_FRAMEWORK_HEADER = YES;
				CLANG_WARN_RANGE_LOOP_ANALYSIS = YES;
				CLANG_WARN_STRICT_PROTOTYPES = YES;
				CLANG_WARN_SUSPICIOUS_MOVE = YES;
				CLANG_WARN_UNGUARDED_AVAILABILITY = YES_AGGRESSIVE;
				CLANG_WARN_UNREACHABLE_CODE = YES;
				CLANG_WARN__DUPLICATE_METHOD_MATCH = YES;
				COPY_PHASE_STRIP = NO;
				DEBUG_INFORMATION_FORMAT = "dwarf-with-dsym";
				ENABLE_NS_ASSERTIONS = NO;
				ENABLE_STRICT_OBJC_MSGSEND = YES;
				ENABLE_USER_SCRIPT_SANDBOXING = YES;
				GCC_C_LANGUAGE_STANDARD = gnu17;
				GCC_NO_COMMON_BLOCKS = YES;
				GCC_WARN_64_TO_32_BIT_CONVERSION = YES;
				GCC_WARN_ABOUT_RETURN_TYPE = YES_ERROR;
				GCC_WARN_UNDECLARED_SELECTOR = YES;
				GCC_WARN_UNINITIALIZED_AUTOS = YES_AGGRESSIVE;
				GCC_WARN_UNUSED_FUNCTION = YES;
				GCC_WARN_UNUSED_VARIABLE = YES;
				IPHONEOS_DEPLOYMENT_TARGET = 17.4;
				LOCALIZATION_PREFERS_STRING_CATALOGS = YES;
				MTL_ENABLE_DEBUG_INFO = NO;
				MTL_FAST_MATH = YES;
				SDKROOT = iphoneos;
				SWIFT_COMPILATION_MODE = wholemodule;
				VALIDATE_PRODUCT = YES;
			};
			name = Release;
		};
		04D226FC2C33E73F0055291B /* Debug */ = {
			isa = XCBuildConfiguration;
			buildSettings = {
				ASSETCATALOG_COMPILER_APPICON_NAME = AppIcon;
				ASSETCATALOG_COMPILER_GLOBAL_ACCENT_COLOR_NAME = AccentColor;
				CODE_SIGN_STYLE = Automatic;
				CURRENT_PROJECT_VERSION = 1;
				DEVELOPMENT_ASSET_PATHS = "\"Onboarding View/Preview Content\"";
				ENABLE_PREVIEWS = YES;
				GENERATE_INFOPLIST_FILE = YES;
				INFOPLIST_KEY_UIApplicationSceneManifest_Generation = YES;
				INFOPLIST_KEY_UIApplicationSupportsIndirectInputEvents = YES;
				INFOPLIST_KEY_UILaunchScreen_Generation = YES;
				INFOPLIST_KEY_UISupportedInterfaceOrientations_iPad = "UIInterfaceOrientationPortrait UIInterfaceOrientationPortraitUpsideDown UIInterfaceOrientationLandscapeLeft UIInterfaceOrientationLandscapeRight";
				INFOPLIST_KEY_UISupportedInterfaceOrientations_iPhone = "UIInterfaceOrientationPortrait UIInterfaceOrientationLandscapeLeft UIInterfaceOrientationLandscapeRight";
				LD_RUNPATH_SEARCH_PATHS = (
					"$(inherited)",
					"@executable_path/Frameworks",
				);
				MARKETING_VERSION = 1.0;
				PRODUCT_BUNDLE_IDENTIFIER = "com.xbukhaari.Onboarding-View";
				PRODUCT_NAME = "$(TARGET_NAME)";
				SWIFT_EMIT_LOC_STRINGS = YES;
				SWIFT_VERSION = 5.0;
				TARGETED_DEVICE_FAMILY = "1,2";
			};
			name = Debug;
		};
		04D226FD2C33E73F0055291B /* Release */ = {
			isa = XCBuildConfiguration;
			buildSettings = {
				ASSETCATALOG_COMPILER_APPICON_NAME = AppIcon;
				ASSETCATALOG_COMPILER_GLOBAL_ACCENT_COLOR_NAME = AccentColor;
				CODE_SIGN_STYLE = Automatic;
				CURRENT_PROJECT_VERSION = 1;
				DEVELOPMENT_ASSET_PATHS = "\"Onboarding View/Preview Content\"";
				ENABLE_PREVIEWS = YES;
				GENERATE_INFOPLIST_FILE = YES;
				INFOPLIST_KEY_UIApplicationSceneManifest_Generation = YES;
				INFOPLIST_KEY_UIApplicationSupportsIndirectInputEvents = YES;
				INFOPLIST_KEY_UILaunchScreen_Generation = YES;
				INFOPLIST_KEY_UISupportedInterfaceOrientations_iPad = "UIInterfaceOrientationPortrait UIInterfaceOrientationPortraitUpsideDown UIInterfaceOrientationLandscapeLeft UIInterfaceOrientationLandscapeRight";
				INFOPLIST_KEY_UISupportedInterfaceOrientations_iPhone = "UIInterfaceOrientationPortrait UIInterfaceOrientationLandscapeLeft UIInterfaceOrientationLandscapeRight";
				LD_RUNPATH_SEARCH_PATHS = (
					"$(inherited)",
					"@executable_path/Frameworks",
				);
				MARKETING_VERSION = 1.0;
				PRODUCT_BUNDLE_IDENTIFIER = "com.xbukhaari.Onboarding-View";
				PRODUCT_NAME = "$(TARGET_NAME)";
				SWIFT_EMIT_LOC_STRINGS = YES;
				SWIFT_VERSION = 5.0;
				TARGETED_DEVICE_FAMILY = "1,2";
			};
			name = Release;
		};
		04D226FF2C33E73F0055291B /* Debug */ = {
			isa = XCBuildConfiguration;
			buildSettings = {
				ALWAYS_EMBED_SWIFT_STANDARD_LIBRARIES = YES;
				BUNDLE_LOADER = "$(TEST_HOST)";
				CODE_SIGN_STYLE = Automatic;
				CURRENT_PROJECT_VERSION = 1;
				GENERATE_INFOPLIST_FILE = YES;
				IPHONEOS_DEPLOYMENT_TARGET = 17.4;
				MARKETING_VERSION = 1.0;
				PRODUCT_BUNDLE_IDENTIFIER = "com.xbukhaari.Onboarding-ViewTests";
				PRODUCT_NAME = "$(TARGET_NAME)";
				SWIFT_EMIT_LOC_STRINGS = NO;
				SWIFT_VERSION = 5.0;
				TARGETED_DEVICE_FAMILY = "1,2";
				TEST_HOST = "$(BUILT_PRODUCTS_DIR)/Onboarding View.app/$(BUNDLE_EXECUTABLE_FOLDER_PATH)/Onboarding View";
			};
			name = Debug;
		};
		04D227002C33E73F0055291B /* Release */ = {
			isa = XCBuildConfiguration;
			buildSettings = {
				ALWAYS_EMBED_SWIFT_STANDARD_LIBRARIES = YES;
				BUNDLE_LOADER = "$(TEST_HOST)";
				CODE_SIGN_STYLE = Automatic;
				CURRENT_PROJECT_VERSION = 1;
				GENERATE_INFOPLIST_FILE = YES;
				IPHONEOS_DEPLOYMENT_TARGET = 17.4;
				MARKETING_VERSION = 1.0;
				PRODUCT_BUNDLE_IDENTIFIER = "com.xbukhaari.Onboarding-ViewTests";
				PRODUCT_NAME = "$(TARGET_NAME)";
				SWIFT_EMIT_LOC_STRINGS = NO;
				SWIFT_VERSION = 5.0;
				TARGETED_DEVICE_FAMILY = "1,2";
				TEST_HOST = "$(BUILT_PRODUCTS_DIR)/Onboarding View.app/$(BUNDLE_EXECUTABLE_FOLDER_PATH)/Onboarding View";
			};
			name = Release;
		};
		04D227022C33E73F0055291B /* Debug */ = {
			isa = XCBuildConfiguration;
			buildSettings = {
				ALWAYS_EMBED_SWIFT_STANDARD_LIBRARIES = YES;
				CODE_SIGN_STYLE = Automatic;
				CURRENT_PROJECT_VERSION = 1;
				GENERATE_INFOPLIST_FILE = YES;
				MARKETING_VERSION = 1.0;
				PRODUCT_BUNDLE_IDENTIFIER = "com.xbukhaari.Onboarding-ViewUITests";
				PRODUCT_NAME = "$(TARGET_NAME)";
				SWIFT_EMIT_LOC_STRINGS = NO;
				SWIFT_VERSION = 5.0;
				TARGETED_DEVICE_FAMILY = "1,2";
				TEST_TARGET_NAME = "Onboarding View";
			};
			name = Debug;
		};
		04D227032C33E73F0055291B /* Release */ = {
			isa = XCBuildConfiguration;
			buildSettings = {
				ALWAYS_EMBED_SWIFT_STANDARD_LIBRARIES = YES;
				CODE_SIGN_STYLE = Automatic;
				CURRENT_PROJECT_VERSION = 1;
				GENERATE_INFOPLIST_FILE = YES;
				MARKETING_VERSION = 1.0;
				PRODUCT_BUNDLE_IDENTIFIER = "com.xbukhaari.Onboarding-ViewUITests";
				PRODUCT_NAME = "$(TARGET_NAME)";
				SWIFT_EMIT_LOC_STRINGS = NO;
				SWIFT_VERSION = 5.0;
				TARGETED_DEVICE_FAMILY = "1,2";
				TEST_TARGET_NAME = "Onboarding View";
			};
			name = Release;
		};
/* End XCBuildConfiguration section */

/* Begin XCConfigurationList section */
		04D226D22C33E73C0055291B /* Build configuration list for PBXProject "Onboarding View" */ = {
			isa = XCConfigurationList;
			buildConfigurations = (
				04D226F92C33E73F0055291B /* Debug */,
				04D226FA2C33E73F0055291B /* Release */,
			);
			defaultConfigurationIsVisible = 0;
			defaultConfigurationName = Release;
		};
		04D226FB2C33E73F0055291B /* Build configuration list for PBXNativeTarget "Onboarding View" */ = {
			isa = XCConfigurationList;
			buildConfigurations = (
				04D226FC2C33E73F0055291B /* Debug */,
				04D226FD2C33E73F0055291B /* Release */,
			);
			defaultConfigurationIsVisible = 0;
			defaultConfigurationName = Release;
		};
		04D226FE2C33E73F0055291B /* Build configuration list for PBXNativeTarget "Onboarding ViewTests" */ = {
			isa = XCConfigurationList;
			buildConfigurations = (
				04D226FF2C33E73F0055291B /* Debug */,
				04D227002C33E73F0055291B /* Release */,
			);
			defaultConfigurationIsVisible = 0;
			defaultConfigurationName = Release;
		};
		04D227012C33E73F0055291B /* Build configuration list for PBXNativeTarget "Onboarding ViewUITests" */ = {
			isa = XCConfigurationList;
			buildConfigurations = (
				04D227022C33E73F0055291B /* Debug */,
				04D227032C33E73F0055291B /* Release */,
			);
			defaultConfigurationIsVisible = 0;
			defaultConfigurationName = Release;
		};
/* End XCConfigurationList section */
	};
	rootObject = 04D226CF2C33E73C0055291B /* Project object */;
}
